[[package]]
name = "img2pdf"
version = "0.4.0"
description = "Convert images to PDF via direct JPEG inclusion."
category = "main"
optional = false
python-versions = "*"

[package.dependencies]
pikepdf = "*"
Pillow = "*"

[package.extras]
gui = ["tkinter"]

[[package]]
name = "lxml"
version = "4.6.1"
description = "Powerful and Pythonic XML processing library combining libxml2/libxslt with the ElementTree API."
category = "main"
optional = false
python-versions = ">=2.7, !=3.0.*, !=3.1.*, !=3.2.*, !=3.3.*, != 3.4.*"

[package.extras]
cssselect = ["cssselect (>=0.7)"]
html5 = ["html5lib"]
htmlsoup = ["beautifulsoup4"]
source = ["Cython (>=0.29.7)"]

[[package]]
name = "pikepdf"
version = "1.19.3"
description = "Read and write PDFs with Python, powered by qpdf"
category = "main"
optional = false
python-versions = ">=3.5"

[package.dependencies]
lxml = ">=4.0"
Pillow = ">=6"

[package.extras]
docs = ["ipython", "matplotlib", "pybind11", "setuptools-scm", "sphinx (>=1.4)", "sphinx-rtd-theme"]

[[package]]
name = "pillow"
version = "8.0.0"
description = "Python Imaging Library (Fork)"
category = "main"
optional = false
python-versions = ">=3.6"

[metadata]
lock-version = "1.1"
python-versions = "^3.7"
content-hash = "9fc3326638382ee66729daaf9556853a367cc7b1df7c5cc344e8e5340a105e13"

[metadata.files]
img2pdf = [
    {file = "img2pdf-0.4.0.tar.gz", hash = "sha256:eaee690ab8403dd1a9cb4db10afee41dd3e6c7ed63bdace02a0121f9feadb0c9"},
]
lxml = [
    {file = "lxml-4.6.1-cp27-cp27m-macosx_10_9_x86_64.whl", hash = "sha256:4b7572145054330c8e324a72d808c8c8fbe12be33368db28c39a255ad5f7fb51"},
    {file = "lxml-4.6.1-cp27-cp27m-manylinux1_i686.whl", hash = "sha256:302160eb6e9764168e01d8c9ec6becddeb87776e81d3fcb0d97954dd51d48e0a"},
    {file = "lxml-4.6.1-cp27-cp27m-manylinux1_x86_64.whl", hash = "sha256:d4ad7fd3269281cb471ad6c7bafca372e69789540d16e3755dd717e9e5c9d82f"},
    {file = "lxml-4.6.1-cp27-cp27m-win32.whl", hash = "sha256:189ad47203e846a7a4951c17694d845b6ade7917c47c64b29b86526eefc3adf5"},
    {file = "lxml-4.6.1-cp27-cp27m-win_amd64.whl", hash = "sha256:56eff8c6fb7bc4bcca395fdff494c52712b7a57486e4fbde34c31bb9da4c6cc4"},
    {file = "lxml-4.6.1-cp27-cp27mu-manylinux1_i686.whl", hash = "sha256:23c83112b4dada0b75789d73f949dbb4e8f29a0a3511647024a398ebd023347b"},
    {file = "lxml-4.6.1-cp27-cp27mu-manylinux1_x86_64.whl", hash = "sha256:0e89f5d422988c65e6936e4ec0fe54d6f73f3128c80eb7ecc3b87f595523607b"},
    {file = "lxml-4.6.1-cp35-cp35m-manylinux1_i686.whl", hash = "sha256:2358809cc64394617f2719147a58ae26dac9e21bae772b45cfb80baa26bfca5d"},
    {file = "lxml-4.6.1-cp35-cp35m-manylinux1_x86_64.whl", hash = "sha256:be1ebf9cc25ab5399501c9046a7dcdaa9e911802ed0e12b7d620cd4bbf0518b3"},
    {file = "lxml-4.6.1-cp35-cp35m-manylinux2014_aarch64.whl", hash = "sha256:4fff34721b628cce9eb4538cf9a73d02e0f3da4f35a515773cce6f5fe413b360"},
    {file = "lxml-4.6.1-cp35-cp35m-win32.whl", hash = "sha256:475325e037fdf068e0c2140b818518cf6bc4aa72435c407a798b2db9f8e90810"},
    {file = "lxml-4.6.1-cp35-cp35m-win_amd64.whl", hash = "sha256:f98b6f256be6cec8dd308a8563976ddaff0bdc18b730720f6f4bee927ffe926f"},
    {file = "lxml-4.6.1-cp36-cp36m-macosx_10_9_x86_64.whl", hash = "sha256:be7c65e34d1b50ab7093b90427cbc488260e4b3a38ef2435d65b62e9fa3d798a"},
    {file = "lxml-4.6.1-cp36-cp36m-manylinux1_i686.whl", hash = "sha256:d18331ea905a41ae71596502bd4c9a2998902328bbabd29e3d0f5f8569fabad1"},
    {file = "lxml-4.6.1-cp36-cp36m-manylinux1_x86_64.whl", hash = "sha256:3d9b2b72eb0dbbdb0e276403873ecfae870599c83ba22cadff2db58541e72856"},
    {file = "lxml-4.6.1-cp36-cp36m-manylinux2014_aarch64.whl", hash = "sha256:d20d32cbb31d731def4b1502294ca2ee99f9249b63bc80e03e67e8f8e126dea8"},
    {file = "lxml-4.6.1-cp36-cp36m-win32.whl", hash = "sha256:d182eada8ea0de61a45a526aa0ae4bcd222f9673424e65315c35820291ff299c"},
    {file = "lxml-4.6.1-cp36-cp36m-win_amd64.whl", hash = "sha256:c0dac835c1a22621ffa5e5f999d57359c790c52bbd1c687fe514ae6924f65ef5"},
    {file = "lxml-4.6.1-cp37-cp37m-macosx_10_9_x86_64.whl", hash = "sha256:d84d741c6e35c9f3e7406cb7c4c2e08474c2a6441d59322a00dcae65aac6315d"},
    {file = "lxml-4.6.1-cp37-cp37m-manylinux1_i686.whl", hash = "sha256:8862d1c2c020cb7a03b421a9a7b4fe046a208db30994fc8ff68c627a7915987f"},
    {file = "lxml-4.6.1-cp37-cp37m-manylinux1_x86_64.whl", hash = "sha256:3a7a380bfecc551cfd67d6e8ad9faa91289173bdf12e9cfafbd2bdec0d7b1ec1"},
    {file = "lxml-4.6.1-cp37-cp37m-manylinux2014_aarch64.whl", hash = "sha256:2d6571c48328be4304aee031d2d5046cbc8aed5740c654575613c5a4f5a11311"},
    {file = "lxml-4.6.1-cp37-cp37m-win32.whl", hash = "sha256:803a80d72d1f693aa448566be46ffd70882d1ad8fc689a2e22afe63035eb998a"},
    {file = "lxml-4.6.1-cp37-cp37m-win_amd64.whl", hash = "sha256:24e811118aab6abe3ce23ff0d7d38932329c513f9cef849d3ee88b0f848f2aa9"},
    {file = "lxml-4.6.1-cp38-cp38-macosx_10_9_x86_64.whl", hash = "sha256:2e311a10f3e85250910a615fe194839a04a0f6bc4e8e5bb5cac221344e3a7891"},
    {file = "lxml-4.6.1-cp38-cp38-manylinux1_i686.whl", hash = "sha256:a71400b90b3599eb7bf241f947932e18a066907bf84617d80817998cee81e4bf"},
    {file = "lxml-4.6.1-cp38-cp38-manylinux1_x86_64.whl", hash = "sha256:211b3bcf5da70c2d4b84d09232534ad1d78320762e2c59dedc73bf01cb1fc45b"},
    {file = "lxml-4.6.1-cp38-cp38-manylinux2014_aarch64.whl", hash = "sha256:e65c221b2115a91035b55a593b6eb94aa1206fa3ab374f47c6dc10d364583ff9"},
    {file = "lxml-4.6.1-cp38-cp38-win32.whl", hash = "sha256:d6f8c23f65a4bfe4300b85f1f40f6c32569822d08901db3b6454ab785d9117cc"},
    {file = "lxml-4.6.1-cp38-cp38-win_amd64.whl", hash = "sha256:573b2f5496c7e9f4985de70b9bbb4719ffd293d5565513e04ac20e42e6e5583f"},
    {file = "lxml-4.6.1-cp39-cp39-manylinux1_i686.whl", hash = "sha256:1d87936cb5801c557f3e981c9c193861264c01209cb3ad0964a16310ca1b3301"},
    {file = "lxml-4.6.1-cp39-cp39-manylinux1_x86_64.whl", hash = "sha256:2d5896ddf5389560257bbe89317ca7bcb4e54a02b53a3e572e1ce4226512b51b"},
    {file = "lxml-4.6.1-cp39-cp39-manylinux2014_aarch64.whl", hash = "sha256:9b06690224258db5cd39a84e993882a6874676f5de582da57f3df3a82ead9174"},
    {file = "lxml-4.6.1-cp39-cp39-win32.whl", hash = "sha256:bb252f802f91f59767dcc559744e91efa9df532240a502befd874b54571417bd"},
    {file = "lxml-4.6.1-cp39-cp39-win_amd64.whl", hash = "sha256:7ecaef52fd9b9535ae5f01a1dd2651f6608e4ec9dc136fc4dfe7ebe3c3ddb230"},
    {file = "lxml-4.6.1.tar.gz", hash = "sha256:c152b2e93b639d1f36ec5a8ca24cde4a8eefb2b6b83668fcd8e83a67badcb367"},
]
pikepdf = [
    {file = "pikepdf-1.19.3-cp35-cp35m-macosx_10_9_x86_64.whl", hash = "sha256:584230f7494da6f5e9c8e4ae890a3f74d74d8f37d65a7be051f859162338bc68"},
    {file = "pikepdf-1.19.3-cp35-cp35m-manylinux2010_i686.whl", hash = "sha256:7f00abb72e1ee5cb9f71ed93747337fb7b94386d38c114c8d4998e54df1056c5"},
    {file = "pikepdf-1.19.3-cp35-cp35m-manylinux2010_x86_64.whl", hash = "sha256:8b7fcc7db99a674c2166ae79ed9305b61c77441b7bd56243e6be6d3186cad969"},
    {file = "pikepdf-1.19.3-cp35-cp35m-win32.whl", hash = "sha256:005fe96a5fc11c736810dfa1cc300e9d315bd63e0f46efcdbe52a877deab4032"},
    {file = "pikepdf-1.19.3-cp35-cp35m-win_amd64.whl", hash = "sha256:1c05cdfc5dce778ab7ce3e1618811a6e44ca7e7a867c8a6a5483bd67ca5d67f8"},
    {file = "pikepdf-1.19.3-cp36-cp36m-macosx_10_9_x86_64.whl", hash = "sha256:037b7ed0b3b0d578ba37856d5e20c2502ad0c3a4d4179b92ffc80dc126b6a351"},
    {file = "pikepdf-1.19.3-cp36-cp36m-manylinux2010_i686.whl", hash = "sha256:1d9bed8ef3dfbbab5636e12c607c454ba42997f308dbc93d50bc8a9f10e85827"},
    {file = "pikepdf-1.19.3-cp36-cp36m-manylinux2010_x86_64.whl", hash = "sha256:1aaea584388a55859fe07c5e99d849bc418216db6840765369027ce4126afb8f"},
    {file = "pikepdf-1.19.3-cp36-cp36m-win32.whl", hash = "sha256:11cf286c89a956df806f0b466447a79eaf295b642e56c4b3ff05749885d2dffc"},
    {file = "pikepdf-1.19.3-cp36-cp36m-win_amd64.whl", hash = "sha256:f1bb882936ff9c2f4edd437ba48bf5360c0c3dbfc1dc57391c1203c681d9ec89"},
    {file = "pikepdf-1.19.3-cp37-cp37m-macosx_10_9_x86_64.whl", hash = "sha256:9f38e273897bad31786361e4bb926472fa148773cffd9588914086c46207c51a"},
    {file = "pikepdf-1.19.3-cp37-cp37m-manylinux2010_i686.whl", hash = "sha256:37ca0a76def171c1c372e6d5602435ee33c41531d7e1916efda98a25dbf654ae"},
    {file = "pikepdf-1.19.3-cp37-cp37m-manylinux2010_x86_64.whl", hash = "sha256:08f9fefe3dbc002274c2b3f51ff3135b647f6ae17656f596a357fdc3f1dd1732"},
    {file = "pikepdf-1.19.3-cp37-cp37m-win32.whl", hash = "sha256:18c11f1bfd5c0a1ef225311af5e734f1645f733583e417b15eb83bef3e94e88e"},
    {file = "pikepdf-1.19.3-cp37-cp37m-win_amd64.whl", hash = "sha256:247121a29f430b159dd21a0ed89141ffb1a6f13c7ca55f5dca2608c142206d72"},
    {file = "pikepdf-1.19.3-cp38-cp38-macosx_10_9_x86_64.whl", hash = "sha256:2296f9785d71e317d66ef7a1c7a16acf69195826bfc8aea359d4ca6b4fe19a08"},
    {file = "pikepdf-1.19.3-cp38-cp38-manylinux2010_i686.whl", hash = "sha256:fa38068fe309b32a3ba882ff6bd63575c72c63d6f95732b41d6d1c92d5a29cfd"},
    {file = "pikepdf-1.19.3-cp38-cp38-manylinux2010_x86_64.whl", hash = "sha256:304553140d85ab789994cbe218813e5e7b60d7c033c3fbe504d7b82f811f0c96"},
    {file = "pikepdf-1.19.3-cp38-cp38-win32.whl", hash = "sha256:b936188046f21ed3e6f3b8f7f194acbba59fa003c6055d4a30af8905b4461dbb"},
    {file = "pikepdf-1.19.3-cp38-cp38-win_amd64.whl", hash = "sha256:ee43e2785f1ed01c3301d7895a8e7a27d0e1ad2693ec3346268c2e2564125a0f"},
    {file = "pikepdf-1.19.3.tar.gz", hash = "sha256:78dd7990b049da841134b578537f190f00b42a80575903f8c9f59bd68dd8eabb"},
]
pillow = [
    {file = "Pillow-8.0.0-cp36-cp36m-macosx_10_10_x86_64.whl", hash = "sha256:b04569ff215b85ce3e2954979d2d5e0bf84007e43ddcf84b632fc6bc18e07909"},
    {file = "Pillow-8.0.0-cp36-cp36m-manylinux1_i686.whl", hash = "sha256:594f2f25b7bcfd9542c41b9df156fb5104f19f5fcefa51b1447f1d9f64c9cc14"},
    {file = "Pillow-8.0.0-cp36-cp36m-manylinux1_x86_64.whl", hash = "sha256:87a855b64a9b692604f6339baa4f9913d06838df1b4ccf0cb899dd18f56ec03c"},
    {file = "Pillow-8.0.0-cp36-cp36m-manylinux2014_aarch64.whl", hash = "sha256:b731d45764349313bd956c07bdc1d43803bb0ad2b11354328a074e416c7d84bc"},
    {file = "Pillow-8.0.0-cp36-cp36m-win32.whl", hash = "sha256:30615e9115f976e00a938a28c7152562e8cf8e221ddacf4446dd8b20c0d97333"},
    {file = "Pillow-8.0.0-cp36-cp36m-win_amd64.whl", hash = "sha256:e6ac40f1a62a227eb00226eb64c9c82bc878a3ed700b5414d34c9be57be87e87"},
    {file = "Pillow-8.0.0-cp37-cp37m-macosx_10_10_x86_64.whl", hash = "sha256:2696f1a6402c1a42ed12c5cd8adfb4b381c32d41e35a34b8ee544309ef854172"},
    {file = "Pillow-8.0.0-cp37-cp37m-manylinux1_i686.whl", hash = "sha256:5b5dde5dcedc4e6f5a71d7654a3c6e189ced82e97d7896b1ca5a5c5e4e0e916f"},
    {file = "Pillow-8.0.0-cp37-cp37m-manylinux1_x86_64.whl", hash = "sha256:04d984e45a0b9815f4b407e8aadb50f25fbb82a605d89db927376e94c3adf371"},
    {file = "Pillow-8.0.0-cp37-cp37m-manylinux2014_aarch64.whl", hash = "sha256:6bcea85f93fb2c94a1bcd35704c348a929a7fb24a0ec0cc2b9fcbb0046b87176"},
    {file = "Pillow-8.0.0-cp37-cp37m-win32.whl", hash = "sha256:233513465a2f25fce537b965621866da3d1f02e15708f371dd4e19f0fb7b7711"},
    {file = "Pillow-8.0.0-cp37-cp37m-win_amd64.whl", hash = "sha256:d904570afcdbec40eb6bdbe24cba8d95c0215a2c0cbbc9c16301045bc8504c1f"},
    {file = "Pillow-8.0.0-cp38-cp38-macosx_10_10_x86_64.whl", hash = "sha256:8c006d52365c0a6bb41a07f9c8f9f458ae8170e0af3b8c49bf7089347066b97b"},
    {file = "Pillow-8.0.0-cp38-cp38-manylinux1_i686.whl", hash = "sha256:9b5b41737853bc49943864d5980dfb401a09e78ddb471e71291810ccdeadd712"},
    {file = "Pillow-8.0.0-cp38-cp38-manylinux1_x86_64.whl", hash = "sha256:3a77e7b9f8991b81d7be8e0b2deab05013cf3ebb24ac2b863d2979acb68c73dd"},
    {file = "Pillow-8.0.0-cp38-cp38-manylinux2014_aarch64.whl", hash = "sha256:c41442c3814afeba1f6f16fd70cdf312a2c73c6dee8dc3ac8926bb115713ad1d"},
    {file = "Pillow-8.0.0-cp38-cp38-win32.whl", hash = "sha256:718d7f0eb3351052023b33fe0f83fc9e3beeb7cbacbd0ff2b52524e2153e4598"},
    {file = "Pillow-8.0.0-cp38-cp38-win_amd64.whl", hash = "sha256:7c4a7ee37027ca716f42726b6f9fc491c13c843c7af559e0767dfab1ae9682d4"},
    {file = "Pillow-8.0.0-cp39-cp39-macosx_10_10_x86_64.whl", hash = "sha256:54667c8ab16658cc0b7d824d8706b440d4db8382a3561042758bdfd48ca99298"},
    {file = "Pillow-8.0.0-cp39-cp39-manylinux1_i686.whl", hash = "sha256:1f59596af2b3d64a9e43f9d6509b7a51db744d0eecc23297617c604e6823c6ae"},
    {file = "Pillow-8.0.0-cp39-cp39-manylinux1_x86_64.whl", hash = "sha256:f5270369c799b4405ed47d45c88c09fbd7942fc9fb9891c0dabf0b8c751b625d"},
    {file = "Pillow-8.0.0-cp39-cp39-manylinux2014_aarch64.whl", hash = "sha256:8e29701229705615d3dcfc439c7c46f40f913e57c7fe322b1efc30d3f37d1287"},
    {file = "Pillow-8.0.0-cp39-cp39-win32.whl", hash = "sha256:c12e33cb17e2e12049a49b77696ee479791a4e44e541fdc393ae043e1246389f"},
    {file = "Pillow-8.0.0-cp39-cp39-win_amd64.whl", hash = "sha256:06e730451b70471c08b8a0ee7f18e7e1df310dba9c780bbfb730a13102b143db"},
    {file = "Pillow-8.0.0-pp36-pypy36_pp73-macosx_10_10_x86_64.whl", hash = "sha256:c4d743c5c91424965707c9c8edc58b7cb43c127dcaf191fbcd304e2082eef56a"},
    {file = "Pillow-8.0.0-pp36-pypy36_pp73-manylinux2010_x86_64.whl", hash = "sha256:2ca55a4443b463eec90528ac27be14d226b1c2b972178bc7d4d282ce89e47b6a"},
    {file = "Pillow-8.0.0-pp36-pypy36_pp73-win32.whl", hash = "sha256:e674be2f349ea810e221b0113bd4491f53584ac848d5bcc3b62443cfa11d9c40"},
    {file = "Pillow-8.0.0-pp37-pypy37_pp73-win32.whl", hash = "sha256:d6766fd28f4f47cf93280a57e3dc6a9d11bdada1a6e9f019b8c62b12bbc86f6a"},
    {file = "Pillow-8.0.0.tar.gz", hash = "sha256:59304c67d12394815331eda95ec892bf54ad95e0aa7bc1ccd8e0a4a5a25d4bf3"},
]
